
Microsoft Visual Studio Solution File, Format Version 12.00
# Visual Studio Version 17
VisualStudioVersion = 17.8.34316.72
MinimumVisualStudioVersion = 10.0.40219.1
Project("{9A19103F-16F7-4668-BE54-9A1E7A4F7556}") = "TranslateApp", "TranslateApp.csproj", "{38B7E736-8745-4CA8-8560-460496458E16}"
EndProject
Project("{9A19103F-16F7-4668-BE54-9A1E7A4F7556}") = "SeleniumTest", "..\SeleniumTest\SeleniumTest.csproj", "{F088A147-B44A-4E79-8756-1F492BBB902D}"
EndProject
Global
	GlobalSection(SolutionConfigurationPlatforms) = preSolution
		Debug|Any CPU = Debug|Any CPU
		Release|Any CPU = Release|Any CPU
	EndGlobalSection
	GlobalSection(ProjectConfigurationPlatforms) = postSolution
		{38B7E736-8745-4CA8-8560-460496458E16}.Debug|Any CPU.ActiveCfg = Debug|Any CPU
		{38B7E736-8745-4CA8-8560-460496458E16}.Debug|Any CPU.Build.0 = Debug|Any CPU
		{38B7E736-8745-4CA8-8560-460496458E16}.Release|Any CPU.ActiveCfg = Release|Any CPU
		{38B7E736-8745-4CA8-8560-460496458E16}.Release|Any CPU.Build.0 = Release|Any CPU
		{F088A147-B44A-4E79-8756-1F492BBB902D}.Debug|Any CPU.ActiveCfg = Debug|Any CPU
		{F088A147-B44A-4E79-8756-1F492BBB902D}.Debug|Any CPU.Build.0 = Debug|Any CPU
		{F088A147-B44A-4E79-8756-1F492BBB902D}.Release|Any CPU.ActiveCfg = Release|Any CPU
		{F088A147-B44A-4E79-8756-1F492BBB902D}.Release|Any CPU.Build.0 = Release|Any CPU
	EndGlobalSection
	GlobalSection(SolutionProperties) = preSolution
		HideSolutionNode = FALSE
	EndGlobalSection
	GlobalSection(ExtensibilityGlobals) = postSolution
		SolutionGuid = {D1C649AE-D35A-4609-A666-24F6EE2EDFDB}
	EndGlobalSection
EndGlobal
